schema: '2.0'
stages:
  train_model:
    cmd: python train.py
    deps:
    - path: data.csv
      hash: md5
      md5: de51efdbc47e92dfbd9d83618f026ba8
      size: 201
    - path: train.py
      hash: md5
      md5: 2e77da13abae00bba4d550461319747b
      size: 2079
    outs:
    - path: model.pt
      hash: md5
      md5: f2ae1c18e6e861e590d6e6b6b3ab1a49
      size: 2005
